
Microsoft Visual Studio Solution File, Format Version 12.00
# Visual Studio 15
VisualStudioVersion = 15.0.27703.2000
MinimumVisualStudioVersion = 10.0.40219.1
Project("{888888A0-9F3D-457C-B088-3A5042F75D52}") = "KerasOCR", "KerasOCR\KerasOCR.pyproj", "{69F2CCAB-4D77-44DF-820A-DC859CE16FC7}"
EndProject
Global
	GlobalSection(SolutionConfigurationPlatforms) = preSolution
		Debug|Any CPU = Debug|Any CPU
		Release|Any CPU = Release|Any CPU
	EndGlobalSection
	GlobalSection(ProjectConfigurationPlatforms) = postSolution
		{69F2CCAB-4D77-44DF-820A-DC859CE16FC7}.Debug|Any CPU.ActiveCfg = Debug|Any CPU
		{69F2CCAB-4D77-44DF-820A-DC859CE16FC7}.Release|Any CPU.ActiveCfg = Release|Any CPU
	EndGlobalSection
	GlobalSection(SolutionProperties) = preSolution
		HideSolutionNode = FALSE
	EndGlobalSection
	GlobalSection(ExtensibilityGlobals) = postSolution
		SolutionGuid = {9E222043-F2CF-40E4-B1A9-6BE34FD7FA2B}
	EndGlobalSection
EndGlobal
